
Microsoft Visual Studio Solution File, Format Version 12.00
# Visual Studio 15
VisualStudioVersion = 15.0.28010.2016
MinimumVisualStudioVersion = 10.0.40219.1
Project("{FAE04EC0-301F-11D3-BF4B-00C04F79EFBC}") = "WebAppTest", "WebAppTest\WebAppTest.csproj", "{7F4AC672-70AF-41D1-A356-1C2CD2DDEB3B}"
EndProject
Global
	GlobalSection(SolutionConfigurationPlatforms) = preSolution
		Debug|Any CPU = Debug|Any CPU
		Release|Any CPU = Release|Any CPU
	EndGlobalSection
	GlobalSection(ProjectConfigurationPlatforms) = postSolution
		{7F4AC672-70AF-41D1-A356-1C2CD2DDEB3B}.Debug|Any CPU.ActiveCfg = Debug|Any CPU
		{7F4AC672-70AF-41D1-A356-1C2CD2DDEB3B}.Debug|Any CPU.Build.0 = Debug|Any CPU
		{7F4AC672-70AF-41D1-A356-1C2CD2DDEB3B}.Release|Any CPU.ActiveCfg = Release|Any CPU
		{7F4AC672-70AF-41D1-A356-1C2CD2DDEB3B}.Release|Any CPU.Build.0 = Release|Any CPU
	EndGlobalSection
	GlobalSection(SolutionProperties) = preSolution
		HideSolutionNode = FALSE
	EndGlobalSection
	GlobalSection(ExtensibilityGlobals) = postSolution
		SolutionGuid = {230428ED-6117-4CEA-85E5-335738A5243C}
	EndGlobalSection
EndGlobal
